
Microsoft Visual Studio Solution File, Format Version 12.00
# Visual Studio 15
VisualStudioVersion = 15.0.27428.2002
MinimumVisualStudioVersion = 10.0.40219.1
Project("{FAE04EC0-301F-11D3-BF4B-00C04F79EFBC}") = "DummyTestsCore", "DummyTestsCore\DummyTestsCore.csproj", "{4FB71D29-0320-4AD4-AC35-728250B4D1D1}"
EndProject
Global
	GlobalSection(SolutionConfigurationPlatforms) = preSolution
		Debug|Any CPU = Debug|Any CPU
		Release|Any CPU = Release|Any CPU
	EndGlobalSection
	GlobalSection(ProjectConfigurationPlatforms) = postSolution
		{4FB71D29-0320-4AD4-AC35-728250B4D1D1}.Debug|Any CPU.ActiveCfg = Debug|Any CPU
		{4FB71D29-0320-4AD4-AC35-728250B4D1D1}.Debug|Any CPU.Build.0 = Debug|Any CPU
		{4FB71D29-0320-4AD4-AC35-728250B4D1D1}.Release|Any CPU.ActiveCfg = Release|Any CPU
		{4FB71D29-0320-4AD4-AC35-728250B4D1D1}.Release|Any CPU.Build.0 = Release|Any CPU
	EndGlobalSection
	GlobalSection(SolutionProperties) = preSolution
		HideSolutionNode = FALSE
	EndGlobalSection
	GlobalSection(ExtensibilityGlobals) = postSolution
		SolutionGuid = {8AA7EA96-F279-405B-8182-6BD5B20B1F2D}
	EndGlobalSection
EndGlobal
